
Microsoft Visual Studio Solution File, Format Version 12.00
# Visual Studio 15
VisualStudioVersion = 15.0.28010.2026
MinimumVisualStudioVersion = 10.0.40219.1
Project("{FAE04EC0-301F-11D3-BF4B-00C04F79EFBC}") = "website-file-sync", "website-file-sync\website-file-sync.csproj", "{19A12DA5-7151-4BC6-824A-C29E809AA1BB}"
EndProject
Global
	GlobalSection(SolutionConfigurationPlatforms) = preSolution
		Debug|Any CPU = Debug|Any CPU
		Release|Any CPU = Release|Any CPU
	EndGlobalSection
	GlobalSection(ProjectConfigurationPlatforms) = postSolution
		{19A12DA5-7151-4BC6-824A-C29E809AA1BB}.Debug|Any CPU.ActiveCfg = Debug|Any CPU
		{19A12DA5-7151-4BC6-824A-C29E809AA1BB}.Debug|Any CPU.Build.0 = Debug|Any CPU
		{19A12DA5-7151-4BC6-824A-C29E809AA1BB}.Release|Any CPU.ActiveCfg = Release|Any CPU
		{19A12DA5-7151-4BC6-824A-C29E809AA1BB}.Release|Any CPU.Build.0 = Release|Any CPU
	EndGlobalSection
	GlobalSection(SolutionProperties) = preSolution
		HideSolutionNode = FALSE
	EndGlobalSection
	GlobalSection(ExtensibilityGlobals) = postSolution
		SolutionGuid = {753B88E5-0557-469C-A2D2-F5D7801C9E40}
	EndGlobalSection
EndGlobal
